
Microsoft Visual Studio Solution File, Format Version 12.00
# Visual Studio 15
VisualStudioVersion = 15.0.27703.2026
MinimumVisualStudioVersion = 10.0.40219.1
Project("{FAE04EC0-301F-11D3-BF4B-00C04F79EFBC}") = "looping", "looping\looping.csproj", "{F5A22F15-C76C-4F0A-B783-D683DEF84176}"
EndProject
Global
	GlobalSection(SolutionConfigurationPlatforms) = preSolution
		Debug|Any CPU = Debug|Any CPU
		Release|Any CPU = Release|Any CPU
	EndGlobalSection
	GlobalSection(ProjectConfigurationPlatforms) = postSolution
		{F5A22F15-C76C-4F0A-B783-D683DEF84176}.Debug|Any CPU.ActiveCfg = Debug|Any CPU
		{F5A22F15-C76C-4F0A-B783-D683DEF84176}.Debug|Any CPU.Build.0 = Debug|Any CPU
		{F5A22F15-C76C-4F0A-B783-D683DEF84176}.Release|Any CPU.ActiveCfg = Release|Any CPU
		{F5A22F15-C76C-4F0A-B783-D683DEF84176}.Release|Any CPU.Build.0 = Release|Any CPU
	EndGlobalSection
	GlobalSection(SolutionProperties) = preSolution
		HideSolutionNode = FALSE
	EndGlobalSection
	GlobalSection(ExtensibilityGlobals) = postSolution
		SolutionGuid = {14C09FCD-7951-4C3F-9EB6-1DE8A727BA51}
	EndGlobalSection
EndGlobal
